
Microsoft Visual Studio Solution File, Format Version 12.00
# Visual Studio Version 17
VisualStudioVersion = 17.0.32014.148
MinimumVisualStudioVersion = 10.0.40219.1
Project("{9A19103F-16F7-4668-BE54-9A1E7A4F7556}") = "ClassLibrary1", "ClassLibrary1\ClassLibrary1.csproj", "{90DE34C8-8132-4CC3-AC5C-991BC5862E38}"
EndProject
Project("{9A19103F-16F7-4668-BE54-9A1E7A4F7556}") = "ClassLibrary2", "ClassLibrary2\ClassLibrary2.csproj", "{8DEC8C91-9C71-456B-86AF-B51E98C06FFB}"
EndProject
Project("{9A19103F-16F7-4668-BE54-9A1E7A4F7556}") = "TestProject1", "TestProject1\TestProject1.csproj", "{8C15E496-5711-470E-A974-26EA1C27CC05}"
EndProject
Global
	GlobalSection(SolutionConfigurationPlatforms) = preSolution
		Debug|Any CPU = Debug|Any CPU
		Release|Any CPU = Release|Any CPU
	EndGlobalSection
	GlobalSection(ProjectConfigurationPlatforms) = postSolution
		{90DE34C8-8132-4CC3-AC5C-991BC5862E38}.Debug|Any CPU.ActiveCfg = Debug|Any CPU
		{90DE34C8-8132-4CC3-AC5C-991BC5862E38}.Debug|Any CPU.Build.0 = Debug|Any CPU
		{90DE34C8-8132-4CC3-AC5C-991BC5862E38}.Release|Any CPU.ActiveCfg = Release|Any CPU
		{90DE34C8-8132-4CC3-AC5C-991BC5862E38}.Release|Any CPU.Build.0 = Release|Any CPU
		{8DEC8C91-9C71-456B-86AF-B51E98C06FFB}.Debug|Any CPU.ActiveCfg = Debug|Any CPU
		{8DEC8C91-9C71-456B-86AF-B51E98C06FFB}.Debug|Any CPU.Build.0 = Debug|Any CPU
		{8DEC8C91-9C71-456B-86AF-B51E98C06FFB}.Release|Any CPU.ActiveCfg = Release|Any CPU
		{8DEC8C91-9C71-456B-86AF-B51E98C06FFB}.Release|Any CPU.Build.0 = Release|Any CPU
		{8C15E496-5711-470E-A974-26EA1C27CC05}.Debug|Any CPU.ActiveCfg = Debug|Any CPU
		{8C15E496-5711-470E-A974-26EA1C27CC05}.Debug|Any CPU.Build.0 = Debug|Any CPU
		{8C15E496-5711-470E-A974-26EA1C27CC05}.Release|Any CPU.ActiveCfg = Release|Any CPU
		{8C15E496-5711-470E-A974-26EA1C27CC05}.Release|Any CPU.Build.0 = Release|Any CPU
	EndGlobalSection
	GlobalSection(SolutionProperties) = preSolution
		HideSolutionNode = FALSE
	EndGlobalSection
	GlobalSection(ExtensibilityGlobals) = postSolution
		SolutionGuid = {3DF026C3-5712-4937-9CAD-56786367F677}
	EndGlobalSection
EndGlobal
